
Microsoft Visual Studio Solution File, Format Version 12.00
# Visual Studio 15
VisualStudioVersion = 15.0.27004.2002
MinimumVisualStudioVersion = 10.0.40219.1
Project("{FAE04EC0-301F-11D3-BF4B-00C04F79EFBC}") = "Exercise1ElementIndexTimeFive", "Exercise1ElementIndexTimeFive\Exercise1ElementIndexTimeFive.csproj", "{DDF16022-679E-49FF-9609-B6DD2322A89E}"
EndProject
Global
	GlobalSection(SolutionConfigurationPlatforms) = preSolution
		Debug|Any CPU = Debug|Any CPU
		Release|Any CPU = Release|Any CPU
	EndGlobalSection
	GlobalSection(ProjectConfigurationPlatforms) = postSolution
		{DDF16022-679E-49FF-9609-B6DD2322A89E}.Debug|Any CPU.ActiveCfg = Debug|Any CPU
		{DDF16022-679E-49FF-9609-B6DD2322A89E}.Debug|Any CPU.Build.0 = Debug|Any CPU
		{DDF16022-679E-49FF-9609-B6DD2322A89E}.Release|Any CPU.ActiveCfg = Release|Any CPU
		{DDF16022-679E-49FF-9609-B6DD2322A89E}.Release|Any CPU.Build.0 = Release|Any CPU
	EndGlobalSection
	GlobalSection(SolutionProperties) = preSolution
		HideSolutionNode = FALSE
	EndGlobalSection
	GlobalSection(ExtensibilityGlobals) = postSolution
		SolutionGuid = {25405DD7-BF90-4AE9-B867-4AF0D3932ACC}
	EndGlobalSection
EndGlobal
