
Microsoft Visual Studio Solution File, Format Version 12.00
# Visual Studio 14
VisualStudioVersion = 14.0.25420.1
MinimumVisualStudioVersion = 10.0.40219.1
Project("{FAE04EC0-301F-11D3-BF4B-00C04F79EFBC}") = "Exercise4DecimalNumberToBinary", "Exercise4DecimalNumberToBinary\Exercise4DecimalNumberToBinary.csproj", "{92D6F932-8AA7-4322-86E0-F993C58BB21D}"
EndProject
Global
	GlobalSection(SolutionConfigurationPlatforms) = preSolution
		Debug|Any CPU = Debug|Any CPU
		Release|Any CPU = Release|Any CPU
	EndGlobalSection
	GlobalSection(ProjectConfigurationPlatforms) = postSolution
		{92D6F932-8AA7-4322-86E0-F993C58BB21D}.Debug|Any CPU.ActiveCfg = Debug|Any CPU
		{92D6F932-8AA7-4322-86E0-F993C58BB21D}.Debug|Any CPU.Build.0 = Debug|Any CPU
		{92D6F932-8AA7-4322-86E0-F993C58BB21D}.Release|Any CPU.ActiveCfg = Release|Any CPU
		{92D6F932-8AA7-4322-86E0-F993C58BB21D}.Release|Any CPU.Build.0 = Release|Any CPU
	EndGlobalSection
	GlobalSection(SolutionProperties) = preSolution
		HideSolutionNode = FALSE
	EndGlobalSection
EndGlobal
