
Microsoft Visual Studio Solution File, Format Version 12.00
# Visual Studio 15
VisualStudioVersion = 15.0.28010.2050
MinimumVisualStudioVersion = 10.0.40219.1
Project("{FAE04EC0-301F-11D3-BF4B-00C04F79EFBC}") = "TimeAfter6Hours", "TimeAfter6Hours\TimeAfter6Hours.csproj", "{7F922D03-45FD-4004-AE15-54A6D00B85EB}"
EndProject
Global
	GlobalSection(SolutionConfigurationPlatforms) = preSolution
		Debug|Any CPU = Debug|Any CPU
		Release|Any CPU = Release|Any CPU
	EndGlobalSection
	GlobalSection(ProjectConfigurationPlatforms) = postSolution
		{7F922D03-45FD-4004-AE15-54A6D00B85EB}.Debug|Any CPU.ActiveCfg = Debug|Any CPU
		{7F922D03-45FD-4004-AE15-54A6D00B85EB}.Debug|Any CPU.Build.0 = Debug|Any CPU
		{7F922D03-45FD-4004-AE15-54A6D00B85EB}.Release|Any CPU.ActiveCfg = Release|Any CPU
		{7F922D03-45FD-4004-AE15-54A6D00B85EB}.Release|Any CPU.Build.0 = Release|Any CPU
	EndGlobalSection
	GlobalSection(SolutionProperties) = preSolution
		HideSolutionNode = FALSE
	EndGlobalSection
	GlobalSection(ExtensibilityGlobals) = postSolution
		SolutionGuid = {23391B11-DFF2-4307-AF40-AC39CC495A10}
	EndGlobalSection
EndGlobal
