
Microsoft Visual Studio Solution File, Format Version 12.00
# Visual Studio 14
VisualStudioVersion = 14.0.25420.1
MinimumVisualStudioVersion = 10.0.40219.1
Project("{FAE04EC0-301F-11D3-BF4B-00C04F79EFBC}") = "Exercise9CheckForSubset0", "Exercise9CheckForSubset0\Exercise9CheckForSubset0.csproj", "{1C24F2FE-CB49-4C0A-90D3-A80BB6E84231}"
EndProject
Global
	GlobalSection(SolutionConfigurationPlatforms) = preSolution
		Debug|Any CPU = Debug|Any CPU
		Release|Any CPU = Release|Any CPU
	EndGlobalSection
	GlobalSection(ProjectConfigurationPlatforms) = postSolution
		{1C24F2FE-CB49-4C0A-90D3-A80BB6E84231}.Debug|Any CPU.ActiveCfg = Debug|Any CPU
		{1C24F2FE-CB49-4C0A-90D3-A80BB6E84231}.Debug|Any CPU.Build.0 = Debug|Any CPU
		{1C24F2FE-CB49-4C0A-90D3-A80BB6E84231}.Release|Any CPU.ActiveCfg = Release|Any CPU
		{1C24F2FE-CB49-4C0A-90D3-A80BB6E84231}.Release|Any CPU.Build.0 = Release|Any CPU
	EndGlobalSection
	GlobalSection(SolutionProperties) = preSolution
		HideSolutionNode = FALSE
	EndGlobalSection
EndGlobal
