
Microsoft Visual Studio Solution File, Format Version 12.00
# Visual Studio 15
VisualStudioVersion = 15.0.28010.2050
MinimumVisualStudioVersion = 10.0.40219.1
Project("{FAE04EC0-301F-11D3-BF4B-00C04F79EFBC}") = "AllPalindromesInText", "AllPalindromesInText\AllPalindromesInText.csproj", "{455BD92B-CDDC-4C80-BC1F-1636D2A80160}"
EndProject
Global
	GlobalSection(SolutionConfigurationPlatforms) = preSolution
		Debug|Any CPU = Debug|Any CPU
		Release|Any CPU = Release|Any CPU
	EndGlobalSection
	GlobalSection(ProjectConfigurationPlatforms) = postSolution
		{455BD92B-CDDC-4C80-BC1F-1636D2A80160}.Debug|Any CPU.ActiveCfg = Debug|Any CPU
		{455BD92B-CDDC-4C80-BC1F-1636D2A80160}.Debug|Any CPU.Build.0 = Debug|Any CPU
		{455BD92B-CDDC-4C80-BC1F-1636D2A80160}.Release|Any CPU.ActiveCfg = Release|Any CPU
		{455BD92B-CDDC-4C80-BC1F-1636D2A80160}.Release|Any CPU.Build.0 = Release|Any CPU
	EndGlobalSection
	GlobalSection(SolutionProperties) = preSolution
		HideSolutionNode = FALSE
	EndGlobalSection
	GlobalSection(ExtensibilityGlobals) = postSolution
		SolutionGuid = {ABFA9F6F-51F8-43F1-AAFB-EA1D8A33AD8A}
	EndGlobalSection
EndGlobal
