
Microsoft Visual Studio Solution File, Format Version 12.00
# Visual Studio 15
VisualStudioVersion = 15.0.27703.2026
MinimumVisualStudioVersion = 10.0.40219.1
Project("{FAE04EC0-301F-11D3-BF4B-00C04F79EFBC}") = "ParseURL", "ParseURL\ParseURL.csproj", "{F1485897-3088-45EA-8AA8-DF86FFB26525}"
EndProject
Global
	GlobalSection(SolutionConfigurationPlatforms) = preSolution
		Debug|Any CPU = Debug|Any CPU
		Release|Any CPU = Release|Any CPU
	EndGlobalSection
	GlobalSection(ProjectConfigurationPlatforms) = postSolution
		{F1485897-3088-45EA-8AA8-DF86FFB26525}.Debug|Any CPU.ActiveCfg = Debug|Any CPU
		{F1485897-3088-45EA-8AA8-DF86FFB26525}.Debug|Any CPU.Build.0 = Debug|Any CPU
		{F1485897-3088-45EA-8AA8-DF86FFB26525}.Release|Any CPU.ActiveCfg = Release|Any CPU
		{F1485897-3088-45EA-8AA8-DF86FFB26525}.Release|Any CPU.Build.0 = Release|Any CPU
	EndGlobalSection
	GlobalSection(SolutionProperties) = preSolution
		HideSolutionNode = FALSE
	EndGlobalSection
	GlobalSection(ExtensibilityGlobals) = postSolution
		SolutionGuid = {778C174A-B6A8-49A8-92F1-06B07B1DAC3C}
	EndGlobalSection
EndGlobal
