
Microsoft Visual Studio Solution File, Format Version 12.00
# Visual Studio 15
VisualStudioVersion = 15.0.27703.2018
MinimumVisualStudioVersion = 10.0.40219.1
Project("{FAE04EC0-301F-11D3-BF4B-00C04F79EFBC}") = "PadRightWithStars", "PadRightWithStars\PadRightWithStars.csproj", "{F1B79F43-8FE9-4DF4-AB7D-D219065CEFAD}"
EndProject
Global
	GlobalSection(SolutionConfigurationPlatforms) = preSolution
		Debug|Any CPU = Debug|Any CPU
		Release|Any CPU = Release|Any CPU
	EndGlobalSection
	GlobalSection(ProjectConfigurationPlatforms) = postSolution
		{F1B79F43-8FE9-4DF4-AB7D-D219065CEFAD}.Debug|Any CPU.ActiveCfg = Debug|Any CPU
		{F1B79F43-8FE9-4DF4-AB7D-D219065CEFAD}.Debug|Any CPU.Build.0 = Debug|Any CPU
		{F1B79F43-8FE9-4DF4-AB7D-D219065CEFAD}.Release|Any CPU.ActiveCfg = Release|Any CPU
		{F1B79F43-8FE9-4DF4-AB7D-D219065CEFAD}.Release|Any CPU.Build.0 = Release|Any CPU
	EndGlobalSection
	GlobalSection(SolutionProperties) = preSolution
		HideSolutionNode = FALSE
	EndGlobalSection
	GlobalSection(ExtensibilityGlobals) = postSolution
		SolutionGuid = {F19036C7-E42C-486E-AEE4-0DAA0EDF7F55}
	EndGlobalSection
EndGlobal
